
Microsoft Visual Studio Solution File, Format Version 12.00
# Visual Studio Version 17
VisualStudioVersion = 17.8.34330.188
MinimumVisualStudioVersion = 10.0.40219.1
Project("{FAE04EC0-301F-11D3-BF4B-00C04F79EFBC}") = "TelegramChat", "TelegramChat\TelegramChat.csproj", "{0EEC0DE4-B754-41DA-8EF8-5CBF13DD03AD}"
EndProject
Global
	GlobalSection(SolutionConfigurationPlatforms) = preSolution
		Debug|Any CPU = Debug|Any CPU
		Release|Any CPU = Release|Any CPU
	EndGlobalSection
	GlobalSection(ProjectConfigurationPlatforms) = postSolution
		{0EEC0DE4-B754-41DA-8EF8-5CBF13DD03AD}.Debug|Any CPU.ActiveCfg = Debug|Any CPU
		{0EEC0DE4-B754-41DA-8EF8-5CBF13DD03AD}.Debug|Any CPU.Build.0 = Debug|Any CPU
		{0EEC0DE4-B754-41DA-8EF8-5CBF13DD03AD}.Release|Any CPU.ActiveCfg = Release|Any CPU
		{0EEC0DE4-B754-41DA-8EF8-5CBF13DD03AD}.Release|Any CPU.Build.0 = Release|Any CPU
	EndGlobalSection
	GlobalSection(SolutionProperties) = preSolution
		HideSolutionNode = FALSE
	EndGlobalSection
	GlobalSection(ExtensibilityGlobals) = postSolution
		SolutionGuid = {EE98A6BA-5AAD-4080-AD94-649834D4A9A9}
	EndGlobalSection
EndGlobal
